{
  "name": "mp_shop",
  "lockfileVersion": 2,
  "requires": true,
  "packages": {
    "node_modules/.store/miniprogram-api-typings@3.9.0/node_modules/miniprogram-api-typings": {
      "version": "3.9.0",
      "extraneous": true,
      "license": "MIT",
      "devDependencies": {
        "@typescript-eslint/eslint-plugin": "^5.46.0",
        "@typescript-eslint/parser": "^5.46.0",
        "eslint": "^8.29.0",
        "tsd": "^0.25.0",
        "typescript": "^4.9.4"
      }
    }
  }
}
